
Microsoft Visual Studio Solution File, Format Version 12.00
# Visual Studio Version 17
VisualStudioVersion = 17.13.35931.197
MinimumVisualStudioVersion = 10.0.40219.1
Project("{FAE04EC0-301F-11D3-BF4B-00C04F79EFBC}") = "ProiectPractica", "ProiectPractica\ProiectPractica.csproj", "{0E9A9064-A231-42D6-971F-C89AE8BD496C}"
EndProject
Global
	GlobalSection(SolutionConfigurationPlatforms) = preSolution
		Debug|Any CPU = Debug|Any CPU
		Release|Any CPU = Release|Any CPU
	EndGlobalSection
	GlobalSection(ProjectConfigurationPlatforms) = postSolution
		{0E9A9064-A231-42D6-971F-C89AE8BD496C}.Debug|Any CPU.ActiveCfg = Debug|Any CPU
		{0E9A9064-A231-42D6-971F-C89AE8BD496C}.Debug|Any CPU.Build.0 = Debug|Any CPU
		{0E9A9064-A231-42D6-971F-C89AE8BD496C}.Release|Any CPU.ActiveCfg = Release|Any CPU
		{0E9A9064-A231-42D6-971F-C89AE8BD496C}.Release|Any CPU.Build.0 = Release|Any CPU
	EndGlobalSection
	GlobalSection(SolutionProperties) = preSolution
		HideSolutionNode = FALSE
	EndGlobalSection
	GlobalSection(ExtensibilityGlobals) = postSolution
		SolutionGuid = {6076C955-A94E-4C49-8E8E-DDA12422035A}
	EndGlobalSection
EndGlobal
